
Microsoft Visual Studio Solution File, Format Version 12.00
# Visual Studio 15
VisualStudioVersion = 15.0.28307.1169
MinimumVisualStudioVersion = 10.0.40219.1
Project("{FAE04EC0-301F-11D3-BF4B-00C04F79EFBC}") = "MVCProject", "MVCProject\MVCProject.csproj", "{08CB2641-3A9D-49E0-B04A-2CCF4629C553}"
EndProject
Global
	GlobalSection(SolutionConfigurationPlatforms) = preSolution
		Debug|Any CPU = Debug|Any CPU
		Release|Any CPU = Release|Any CPU
	EndGlobalSection
	GlobalSection(ProjectConfigurationPlatforms) = postSolution
		{08CB2641-3A9D-49E0-B04A-2CCF4629C553}.Debug|Any CPU.ActiveCfg = Debug|Any CPU
		{08CB2641-3A9D-49E0-B04A-2CCF4629C553}.Debug|Any CPU.Build.0 = Debug|Any CPU
		{08CB2641-3A9D-49E0-B04A-2CCF4629C553}.Release|Any CPU.ActiveCfg = Release|Any CPU
		{08CB2641-3A9D-49E0-B04A-2CCF4629C553}.Release|Any CPU.Build.0 = Release|Any CPU
	EndGlobalSection
	GlobalSection(SolutionProperties) = preSolution
		HideSolutionNode = FALSE
	EndGlobalSection
	GlobalSection(ExtensibilityGlobals) = postSolution
		SolutionGuid = {6569FBD9-0CED-431B-BCCD-F433E3E5EFF7}
	EndGlobalSection
EndGlobal
